
Microsoft Visual Studio Solution File, Format Version 12.00
# Visual Studio 15
VisualStudioVersion = 15.0.27130.2027
MinimumVisualStudioVersion = 10.0.40219.1
Project("{FAE04EC0-301F-11D3-BF4B-00C04F79EFBC}") = "Laboratorio3ED1", "Laboratorio3ED1\Laboratorio3ED1.csproj", "{F89B1FA8-9CDE-4E19-907F-FF28B65E6A6C}"
EndProject
Project("{FAE04EC0-301F-11D3-BF4B-00C04F79EFBC}") = "EstructuraDeDatos", "EstructuraDeDatos\EstructuraDeDatos.csproj", "{778B61F4-4C93-4EE9-9D1B-9D903E70F295}"
EndProject
Project("{FAE04EC0-301F-11D3-BF4B-00C04F79EFBC}") = "PruebaAVL", "PruebaAVL\PruebaAVL.csproj", "{C903D917-B4FD-445B-BE3C-CD171E657369}"
EndProject
Global
	GlobalSection(SolutionConfigurationPlatforms) = preSolution
		Debug|Any CPU = Debug|Any CPU
		Release|Any CPU = Release|Any CPU
	EndGlobalSection
	GlobalSection(ProjectConfigurationPlatforms) = postSolution
		{F89B1FA8-9CDE-4E19-907F-FF28B65E6A6C}.Debug|Any CPU.ActiveCfg = Debug|Any CPU
		{F89B1FA8-9CDE-4E19-907F-FF28B65E6A6C}.Debug|Any CPU.Build.0 = Debug|Any CPU
		{F89B1FA8-9CDE-4E19-907F-FF28B65E6A6C}.Release|Any CPU.ActiveCfg = Release|Any CPU
		{F89B1FA8-9CDE-4E19-907F-FF28B65E6A6C}.Release|Any CPU.Build.0 = Release|Any CPU
		{778B61F4-4C93-4EE9-9D1B-9D903E70F295}.Debug|Any CPU.ActiveCfg = Debug|Any CPU
		{778B61F4-4C93-4EE9-9D1B-9D903E70F295}.Debug|Any CPU.Build.0 = Debug|Any CPU
		{778B61F4-4C93-4EE9-9D1B-9D903E70F295}.Release|Any CPU.ActiveCfg = Release|Any CPU
		{778B61F4-4C93-4EE9-9D1B-9D903E70F295}.Release|Any CPU.Build.0 = Release|Any CPU
		{C903D917-B4FD-445B-BE3C-CD171E657369}.Debug|Any CPU.ActiveCfg = Debug|Any CPU
		{C903D917-B4FD-445B-BE3C-CD171E657369}.Debug|Any CPU.Build.0 = Debug|Any CPU
		{C903D917-B4FD-445B-BE3C-CD171E657369}.Release|Any CPU.ActiveCfg = Release|Any CPU
		{C903D917-B4FD-445B-BE3C-CD171E657369}.Release|Any CPU.Build.0 = Release|Any CPU
	EndGlobalSection
	GlobalSection(SolutionProperties) = preSolution
		HideSolutionNode = FALSE
	EndGlobalSection
	GlobalSection(ExtensibilityGlobals) = postSolution
		SolutionGuid = {C5B0D942-1AEB-4338-9561-AD76944464C7}
	EndGlobalSection
EndGlobal
